
Microsoft Visual Studio Solution File, Format Version 12.00
# Visual Studio Version 17
VisualStudioVersion = 17.5.2.0
MinimumVisualStudioVersion = 10.0.40219.1
Project("{FAE04EC0-301F-11D3-BF4B-00C04F79EFBC}") = "PhoneStore.Domain", "PhoneStore.Domain\PhoneStore.Domain.csproj", "{178EC893-7B29-DA65-1CE4-08DE273B73A7}"
EndProject
Project("{FAE04EC0-301F-11D3-BF4B-00C04F79EFBC}") = "PhoneStore.Application", "PhoneStore.Application\PhoneStore.Application.csproj", "{496822E8-5B29-45BC-9324-4CF3A883C124}"
EndProject
Project("{FAE04EC0-301F-11D3-BF4B-00C04F79EFBC}") = "PhoneStore.Infrastructure", "PhoneStore.Infrastructure\PhoneStore.Infrastructure.csproj", "{16EC6DC1-8568-4E34-B80C-78EE86DF91D7}"
EndProject
Project("{FAE04EC0-301F-11D3-BF4B-00C04F79EFBC}") = "PhoneStore.Api", "PhoneStore.Api\PhoneStore.Api.csproj", "{B2351D11-164A-4EAB-8DAD-044B0ED566D7}"
EndProject
Project("{FAE04EC0-301F-11D3-BF4B-00C04F79EFBC}") = "PhoneStore.UnitTest", "PhoneStore.Test\PhoneStore.UnitTest.csproj", "{2CFC77CF-D837-40EB-9395-DF79D161DDEB}"
EndProject
Project("{FAE04EC0-301F-11D3-BF4B-00C04F79EFBC}") = "PhoneStore.IntegrationTest", "PhoneStore.IntegrationTest\PhoneStore.IntegrationTest.csproj", "{6A210FD2-CF18-4B94-9C50-DB2BCB2DDFD3}"
EndProject
Project("{FAE04EC0-301F-11D3-BF4B-00C04F79EFBC}") = "PhoneStore.Authentication", "PhoneStore.Authentication\PhoneStore.Authentication.csproj", "{F11782F5-EDDF-4FE4-9C81-CE3A55163271}"
EndProject
Global
	GlobalSection(SolutionConfigurationPlatforms) = preSolution
		Debug|Any CPU = Debug|Any CPU
		Release|Any CPU = Release|Any CPU
	EndGlobalSection
	GlobalSection(ProjectConfigurationPlatforms) = postSolution
		{178EC893-7B29-DA65-1CE4-08DE273B73A7}.Debug|Any CPU.ActiveCfg = Debug|Any CPU
		{178EC893-7B29-DA65-1CE4-08DE273B73A7}.Debug|Any CPU.Build.0 = Debug|Any CPU
		{178EC893-7B29-DA65-1CE4-08DE273B73A7}.Release|Any CPU.ActiveCfg = Release|Any CPU
		{178EC893-7B29-DA65-1CE4-08DE273B73A7}.Release|Any CPU.Build.0 = Release|Any CPU
		{496822E8-5B29-45BC-9324-4CF3A883C124}.Debug|Any CPU.ActiveCfg = Debug|Any CPU
		{496822E8-5B29-45BC-9324-4CF3A883C124}.Debug|Any CPU.Build.0 = Debug|Any CPU
		{496822E8-5B29-45BC-9324-4CF3A883C124}.Release|Any CPU.ActiveCfg = Release|Any CPU
		{496822E8-5B29-45BC-9324-4CF3A883C124}.Release|Any CPU.Build.0 = Release|Any CPU
		{16EC6DC1-8568-4E34-B80C-78EE86DF91D7}.Debug|Any CPU.ActiveCfg = Debug|Any CPU
		{16EC6DC1-8568-4E34-B80C-78EE86DF91D7}.Debug|Any CPU.Build.0 = Debug|Any CPU
		{16EC6DC1-8568-4E34-B80C-78EE86DF91D7}.Release|Any CPU.ActiveCfg = Release|Any CPU
		{16EC6DC1-8568-4E34-B80C-78EE86DF91D7}.Release|Any CPU.Build.0 = Release|Any CPU
		{B2351D11-164A-4EAB-8DAD-044B0ED566D7}.Debug|Any CPU.ActiveCfg = Debug|Any CPU
		{B2351D11-164A-4EAB-8DAD-044B0ED566D7}.Debug|Any CPU.Build.0 = Debug|Any CPU
		{B2351D11-164A-4EAB-8DAD-044B0ED566D7}.Release|Any CPU.ActiveCfg = Release|Any CPU
		{B2351D11-164A-4EAB-8DAD-044B0ED566D7}.Release|Any CPU.Build.0 = Release|Any CPU
		{2CFC77CF-D837-40EB-9395-DF79D161DDEB}.Debug|Any CPU.ActiveCfg = Debug|Any CPU
		{2CFC77CF-D837-40EB-9395-DF79D161DDEB}.Debug|Any CPU.Build.0 = Debug|Any CPU
		{2CFC77CF-D837-40EB-9395-DF79D161DDEB}.Release|Any CPU.ActiveCfg = Release|Any CPU
		{2CFC77CF-D837-40EB-9395-DF79D161DDEB}.Release|Any CPU.Build.0 = Release|Any CPU
		{6A210FD2-CF18-4B94-9C50-DB2BCB2DDFD3}.Debug|Any CPU.ActiveCfg = Debug|Any CPU
		{6A210FD2-CF18-4B94-9C50-DB2BCB2DDFD3}.Debug|Any CPU.Build.0 = Debug|Any CPU
		{6A210FD2-CF18-4B94-9C50-DB2BCB2DDFD3}.Release|Any CPU.ActiveCfg = Release|Any CPU
		{6A210FD2-CF18-4B94-9C50-DB2BCB2DDFD3}.Release|Any CPU.Build.0 = Release|Any CPU
		{F11782F5-EDDF-4FE4-9C81-CE3A55163271}.Debug|Any CPU.ActiveCfg = Debug|Any CPU
		{F11782F5-EDDF-4FE4-9C81-CE3A55163271}.Debug|Any CPU.Build.0 = Debug|Any CPU
		{F11782F5-EDDF-4FE4-9C81-CE3A55163271}.Release|Any CPU.ActiveCfg = Release|Any CPU
		{F11782F5-EDDF-4FE4-9C81-CE3A55163271}.Release|Any CPU.Build.0 = Release|Any CPU
	EndGlobalSection
	GlobalSection(SolutionProperties) = preSolution
		HideSolutionNode = FALSE
	EndGlobalSection
	GlobalSection(ExtensibilityGlobals) = postSolution
		SolutionGuid = {4115734A-5813-4B39-B052-9A3E7F209C31}
	EndGlobalSection
EndGlobal
